
Microsoft Visual Studio Solution File, Format Version 12.00
# Visual Studio Version 16
VisualStudioVersion = 16.0.30413.136
MinimumVisualStudioVersion = 10.0.40219.1
Project("{FAE04EC0-301F-11D3-BF4B-00C04F79EFBC}") = "Farmacia_Matute_final", "Farmacia_Matute\Farmacia_Matute_final.csproj", "{FFB6FDB6-D20F-4192-9A82-CE1F8835278E}"
EndProject
Global
	GlobalSection(SolutionConfigurationPlatforms) = preSolution
		Debug|Any CPU = Debug|Any CPU
		Release|Any CPU = Release|Any CPU
	EndGlobalSection
	GlobalSection(ProjectConfigurationPlatforms) = postSolution
		{FFB6FDB6-D20F-4192-9A82-CE1F8835278E}.Debug|Any CPU.ActiveCfg = Debug|Any CPU
		{FFB6FDB6-D20F-4192-9A82-CE1F8835278E}.Debug|Any CPU.Build.0 = Debug|Any CPU
		{FFB6FDB6-D20F-4192-9A82-CE1F8835278E}.Release|Any CPU.ActiveCfg = Release|Any CPU
		{FFB6FDB6-D20F-4192-9A82-CE1F8835278E}.Release|Any CPU.Build.0 = Release|Any CPU
	EndGlobalSection
	GlobalSection(SolutionProperties) = preSolution
		HideSolutionNode = FALSE
	EndGlobalSection
	GlobalSection(ExtensibilityGlobals) = postSolution
		SolutionGuid = {009021F0-F1A1-46A7-A7ED-1D9FE1E16C3E}
	EndGlobalSection
EndGlobal
